
Microsoft Visual Studio Solution File, Format Version 12.00
# Visual Studio Version 16
VisualStudioVersion = 16.0.29728.190
MinimumVisualStudioVersion = 10.0.40219.1
Project("{9A19103F-16F7-4668-BE54-9A1E7A4F7556}") = "XmlSpawnerConverter", "XmlSpawnerConverter.csproj", "{042773B6-3AE9-419E-82F1-1F2F7089D21C}"
EndProject
Global
	GlobalSection(SolutionConfigurationPlatforms) = preSolution
		Debug|Any CPU = Debug|Any CPU
		Release|Any CPU = Release|Any CPU
	EndGlobalSection
	GlobalSection(ProjectConfigurationPlatforms) = postSolution
		{042773B6-3AE9-419E-82F1-1F2F7089D21C}.Debug|Any CPU.ActiveCfg = Debug|Any CPU
		{042773B6-3AE9-419E-82F1-1F2F7089D21C}.Debug|Any CPU.Build.0 = Debug|Any CPU
		{042773B6-3AE9-419E-82F1-1F2F7089D21C}.Release|Any CPU.ActiveCfg = Release|Any CPU
		{042773B6-3AE9-419E-82F1-1F2F7089D21C}.Release|Any CPU.Build.0 = Release|Any CPU
	EndGlobalSection
	GlobalSection(SolutionProperties) = preSolution
		HideSolutionNode = FALSE
	EndGlobalSection
	GlobalSection(ExtensibilityGlobals) = postSolution
		SolutionGuid = {056D66DE-DFE9-43C3-8039-1E276F0BB3AC}
	EndGlobalSection
EndGlobal
